
Microsoft Visual Studio Solution File, Format Version 12.00
# Visual Studio 15
VisualStudioVersion = 15.0.27004.2006
MinimumVisualStudioVersion = 10.0.40219.1
Project("{FAE04EC0-301F-11D3-BF4B-00C04F79EFBC}") = "LiveScore-ES", "src\LiveScore-ES\LiveScore-ES.csproj", "{A87EE6F1-36B7-4BCF-8DD7-CBA00CB3AA86}"
EndProject
Project("{9A19103F-16F7-4668-BE54-9A1E7A4F7556}") = "LiveScore-ES.Stream", "src\LiveScore-ES.Stream\LiveScore-ES.Stream.csproj", "{BCB86ED1-D72C-4926-945F-A359D2F0228D}"
EndProject
Project("{2150E333-8FDC-42A3-9474-1A3956D46DE8}") = "src", "src", "{66D38CAB-D1CB-49E7-AC60-1EF43DDFAA03}"
EndProject
Project("{2150E333-8FDC-42A3-9474-1A3956D46DE8}") = "test", "test", "{9C1B65ED-8766-4380-B87C-6CE18B97224C}"
EndProject
Global
	GlobalSection(SolutionConfigurationPlatforms) = preSolution
		Debug|Any CPU = Debug|Any CPU
		Release|Any CPU = Release|Any CPU
	EndGlobalSection
	GlobalSection(ProjectConfigurationPlatforms) = postSolution
		{A87EE6F1-36B7-4BCF-8DD7-CBA00CB3AA86}.Debug|Any CPU.ActiveCfg = Debug|Any CPU
		{A87EE6F1-36B7-4BCF-8DD7-CBA00CB3AA86}.Debug|Any CPU.Build.0 = Debug|Any CPU
		{A87EE6F1-36B7-4BCF-8DD7-CBA00CB3AA86}.Release|Any CPU.ActiveCfg = Release|Any CPU
		{A87EE6F1-36B7-4BCF-8DD7-CBA00CB3AA86}.Release|Any CPU.Build.0 = Release|Any CPU
		{BCB86ED1-D72C-4926-945F-A359D2F0228D}.Debug|Any CPU.ActiveCfg = Debug|Any CPU
		{BCB86ED1-D72C-4926-945F-A359D2F0228D}.Debug|Any CPU.Build.0 = Debug|Any CPU
		{BCB86ED1-D72C-4926-945F-A359D2F0228D}.Release|Any CPU.ActiveCfg = Release|Any CPU
		{BCB86ED1-D72C-4926-945F-A359D2F0228D}.Release|Any CPU.Build.0 = Release|Any CPU
	EndGlobalSection
	GlobalSection(SolutionProperties) = preSolution
		HideSolutionNode = FALSE
	EndGlobalSection
	GlobalSection(NestedProjects) = preSolution
		{A87EE6F1-36B7-4BCF-8DD7-CBA00CB3AA86} = {66D38CAB-D1CB-49E7-AC60-1EF43DDFAA03}
		{BCB86ED1-D72C-4926-945F-A359D2F0228D} = {66D38CAB-D1CB-49E7-AC60-1EF43DDFAA03}
	EndGlobalSection
	GlobalSection(ExtensibilityGlobals) = postSolution
		SolutionGuid = {C3B55F53-C418-4B62-A1A1-D945B032C2BC}
	EndGlobalSection
EndGlobal
