
Microsoft Visual Studio Solution File, Format Version 12.00
# Visual Studio 15
VisualStudioVersion = 15.0.27004.2006
MinimumVisualStudioVersion = 10.0.40219.1
Project("{9A19103F-16F7-4668-BE54-9A1E7A4F7556}") = "LiveScore.Stream", "src\LiveScore.Stream\LiveScore.Stream.csproj", "{BCB86ED1-D72C-4926-945F-A359D2F0228D}"
EndProject
Project("{2150E333-8FDC-42A3-9474-1A3956D46DE8}") = "src", "src", "{66D38CAB-D1CB-49E7-AC60-1EF43DDFAA03}"
EndProject
Project("{2150E333-8FDC-42A3-9474-1A3956D46DE8}") = "test", "test", "{9C1B65ED-8766-4380-B87C-6CE18B97224C}"
EndProject
Project("{2150E333-8FDC-42A3-9474-1A3956D46DE8}") = "Web", "Web", "{E02A4EE8-37B7-4EA5-9B2D-EB5382148F02}"
EndProject
Project("{2150E333-8FDC-42A3-9474-1A3956D46DE8}") = "Application", "Application", "{D1B68103-F613-4C89-8728-540977EBAE06}"
EndProject
Project("{9A19103F-16F7-4668-BE54-9A1E7A4F7556}") = "LiveScore.Application", "src\LiveScore.Application\LiveScore.Application.csproj", "{FFED392C-63DE-4473-BBC1-FB481FE30E87}"
EndProject
Project("{9A19103F-16F7-4668-BE54-9A1E7A4F7556}") = "LiveScore.Web", "src\LiveScore.Web\LiveScore.Web.csproj", "{39D29277-0682-4E3C-B42E-BEBA1F4DE3E8}"
EndProject
Project("{9A19103F-16F7-4668-BE54-9A1E7A4F7556}") = "LiveScore.QueryStack", "src\LiveScore.QueryStack\LiveScore.QueryStack.csproj", "{3AB031F8-E16B-42F8-B0F4-A976F250CF04}"
EndProject
Project("{9A19103F-16F7-4668-BE54-9A1E7A4F7556}") = "LiveScore.CommandStack", "src\LiveScore.CommandStack\LiveScore.CommandStack.csproj", "{671ECDA3-8286-419E-A8AA-67447E293C41}"
EndProject
Project("{2150E333-8FDC-42A3-9474-1A3956D46DE8}") = "Infrastructure", "Infrastructure", "{96ADBA2D-313B-4BA5-9DCE-E42228B9212E}"
EndProject
Project("{9A19103F-16F7-4668-BE54-9A1E7A4F7556}") = "LiveScore.Infrastructure", "src\LiveScore.Infrastructure\LiveScore.Infrastructure.csproj", "{CC453F27-CD39-4A44-BF6E-2C4B4A5F1550}"
EndProject
Project("{9A19103F-16F7-4668-BE54-9A1E7A4F7556}") = "LiveScore.Framework", "src\LiveScore.Framework\LiveScore.Framework.csproj", "{4A796BFC-9668-4339-96A9-057D363140F1}"
EndProject
Global
	GlobalSection(SolutionConfigurationPlatforms) = preSolution
		Debug|Any CPU = Debug|Any CPU
		Release|Any CPU = Release|Any CPU
	EndGlobalSection
	GlobalSection(ProjectConfigurationPlatforms) = postSolution
		{BCB86ED1-D72C-4926-945F-A359D2F0228D}.Debug|Any CPU.ActiveCfg = Debug|Any CPU
		{BCB86ED1-D72C-4926-945F-A359D2F0228D}.Debug|Any CPU.Build.0 = Debug|Any CPU
		{BCB86ED1-D72C-4926-945F-A359D2F0228D}.Release|Any CPU.ActiveCfg = Release|Any CPU
		{BCB86ED1-D72C-4926-945F-A359D2F0228D}.Release|Any CPU.Build.0 = Release|Any CPU
		{FFED392C-63DE-4473-BBC1-FB481FE30E87}.Debug|Any CPU.ActiveCfg = Debug|Any CPU
		{FFED392C-63DE-4473-BBC1-FB481FE30E87}.Debug|Any CPU.Build.0 = Debug|Any CPU
		{FFED392C-63DE-4473-BBC1-FB481FE30E87}.Release|Any CPU.ActiveCfg = Release|Any CPU
		{FFED392C-63DE-4473-BBC1-FB481FE30E87}.Release|Any CPU.Build.0 = Release|Any CPU
		{39D29277-0682-4E3C-B42E-BEBA1F4DE3E8}.Debug|Any CPU.ActiveCfg = Debug|Any CPU
		{39D29277-0682-4E3C-B42E-BEBA1F4DE3E8}.Debug|Any CPU.Build.0 = Debug|Any CPU
		{39D29277-0682-4E3C-B42E-BEBA1F4DE3E8}.Release|Any CPU.ActiveCfg = Release|Any CPU
		{39D29277-0682-4E3C-B42E-BEBA1F4DE3E8}.Release|Any CPU.Build.0 = Release|Any CPU
		{3AB031F8-E16B-42F8-B0F4-A976F250CF04}.Debug|Any CPU.ActiveCfg = Debug|Any CPU
		{3AB031F8-E16B-42F8-B0F4-A976F250CF04}.Debug|Any CPU.Build.0 = Debug|Any CPU
		{3AB031F8-E16B-42F8-B0F4-A976F250CF04}.Release|Any CPU.ActiveCfg = Release|Any CPU
		{3AB031F8-E16B-42F8-B0F4-A976F250CF04}.Release|Any CPU.Build.0 = Release|Any CPU
		{671ECDA3-8286-419E-A8AA-67447E293C41}.Debug|Any CPU.ActiveCfg = Debug|Any CPU
		{671ECDA3-8286-419E-A8AA-67447E293C41}.Debug|Any CPU.Build.0 = Debug|Any CPU
		{671ECDA3-8286-419E-A8AA-67447E293C41}.Release|Any CPU.ActiveCfg = Release|Any CPU
		{671ECDA3-8286-419E-A8AA-67447E293C41}.Release|Any CPU.Build.0 = Release|Any CPU
		{CC453F27-CD39-4A44-BF6E-2C4B4A5F1550}.Debug|Any CPU.ActiveCfg = Debug|Any CPU
		{CC453F27-CD39-4A44-BF6E-2C4B4A5F1550}.Debug|Any CPU.Build.0 = Debug|Any CPU
		{CC453F27-CD39-4A44-BF6E-2C4B4A5F1550}.Release|Any CPU.ActiveCfg = Release|Any CPU
		{CC453F27-CD39-4A44-BF6E-2C4B4A5F1550}.Release|Any CPU.Build.0 = Release|Any CPU
		{4A796BFC-9668-4339-96A9-057D363140F1}.Debug|Any CPU.ActiveCfg = Debug|Any CPU
		{4A796BFC-9668-4339-96A9-057D363140F1}.Debug|Any CPU.Build.0 = Debug|Any CPU
		{4A796BFC-9668-4339-96A9-057D363140F1}.Release|Any CPU.ActiveCfg = Release|Any CPU
		{4A796BFC-9668-4339-96A9-057D363140F1}.Release|Any CPU.Build.0 = Release|Any CPU
	EndGlobalSection
	GlobalSection(SolutionProperties) = preSolution
		HideSolutionNode = FALSE
	EndGlobalSection
	GlobalSection(NestedProjects) = preSolution
		{BCB86ED1-D72C-4926-945F-A359D2F0228D} = {E02A4EE8-37B7-4EA5-9B2D-EB5382148F02}
		{E02A4EE8-37B7-4EA5-9B2D-EB5382148F02} = {66D38CAB-D1CB-49E7-AC60-1EF43DDFAA03}
		{D1B68103-F613-4C89-8728-540977EBAE06} = {66D38CAB-D1CB-49E7-AC60-1EF43DDFAA03}
		{FFED392C-63DE-4473-BBC1-FB481FE30E87} = {D1B68103-F613-4C89-8728-540977EBAE06}
		{39D29277-0682-4E3C-B42E-BEBA1F4DE3E8} = {E02A4EE8-37B7-4EA5-9B2D-EB5382148F02}
		{3AB031F8-E16B-42F8-B0F4-A976F250CF04} = {66D38CAB-D1CB-49E7-AC60-1EF43DDFAA03}
		{671ECDA3-8286-419E-A8AA-67447E293C41} = {66D38CAB-D1CB-49E7-AC60-1EF43DDFAA03}
		{96ADBA2D-313B-4BA5-9DCE-E42228B9212E} = {66D38CAB-D1CB-49E7-AC60-1EF43DDFAA03}
		{CC453F27-CD39-4A44-BF6E-2C4B4A5F1550} = {96ADBA2D-313B-4BA5-9DCE-E42228B9212E}
		{4A796BFC-9668-4339-96A9-057D363140F1} = {66D38CAB-D1CB-49E7-AC60-1EF43DDFAA03}
	EndGlobalSection
	GlobalSection(ExtensibilityGlobals) = postSolution
		SolutionGuid = {C3B55F53-C418-4B62-A1A1-D945B032C2BC}
	EndGlobalSection
EndGlobal
